
Microsoft Visual Studio Solution File, Format Version 12.00
# Visual Studio Version 16
VisualStudioVersion = 16.0.30320.27
MinimumVisualStudioVersion = 10.0.40219.1
Project("{FAE04EC0-301F-11D3-BF4B-00C04F79EFBC}") = "LongestPath", "LongestPath\LongestPath.csproj", "{208335C0-D200-4B9F-A91B-0830179E09E8}"
EndProject
Global
	GlobalSection(SolutionConfigurationPlatforms) = preSolution
		Debug|Any CPU = Debug|Any CPU
		Release|Any CPU = Release|Any CPU
	EndGlobalSection
	GlobalSection(ProjectConfigurationPlatforms) = postSolution
		{208335C0-D200-4B9F-A91B-0830179E09E8}.Debug|Any CPU.ActiveCfg = Debug|Any CPU
		{208335C0-D200-4B9F-A91B-0830179E09E8}.Debug|Any CPU.Build.0 = Debug|Any CPU
		{208335C0-D200-4B9F-A91B-0830179E09E8}.Release|Any CPU.ActiveCfg = Release|Any CPU
		{208335C0-D200-4B9F-A91B-0830179E09E8}.Release|Any CPU.Build.0 = Release|Any CPU
	EndGlobalSection
	GlobalSection(SolutionProperties) = preSolution
		HideSolutionNode = FALSE
	EndGlobalSection
	GlobalSection(ExtensibilityGlobals) = postSolution
		SolutionGuid = {6F528E12-56D1-470F-B1D5-05BC1B6CEAF3}
	EndGlobalSection
EndGlobal
